
Microsoft Visual Studio Solution File, Format Version 12.00
# Visual Studio Version 17
VisualStudioVersion = 17.14.36930.0
MinimumVisualStudioVersion = 10.0.40219.1
Project("{FAE04EC0-301F-11D3-BF4B-00C04F79EFBC}") = "CsTasks", "Agile_Theme7_part2\CsTasks.csproj", "{BF141DEE-A000-49F7-A46C-397B937D2B77}"
EndProject
Project("{2150E333-8FDC-42A3-9474-1A3956D46DE8}") = "GoTasks", "GoTasks", "{36D591C7-65C7-A0D1-1CBC-10CDE441BDC8}"
	ProjectSection(SolutionItems) = preProject
		Agile_Theme7_part2\GoTasks\go.mod = Agile_Theme7_part2\GoTasks\go.mod
		Agile_Theme7_part2\GoTasks\Task3..go = Agile_Theme7_part2\GoTasks\Task3..go
		Agile_Theme7_part2\GoTasks\Task3.exe = Agile_Theme7_part2\GoTasks\Task3.exe
	EndProjectSection
EndProject
Project("{888888A0-9F3D-457C-B088-3A5042F75D52}") = "PythonTasks", "PythonTasks\PythonTasks.pyproj", "{1EAD2A96-F7B7-414D-947A-DFA657F142B1}"
EndProject
Global
	GlobalSection(SolutionConfigurationPlatforms) = preSolution
		Debug|Any CPU = Debug|Any CPU
		Release|Any CPU = Release|Any CPU
	EndGlobalSection
	GlobalSection(ProjectConfigurationPlatforms) = postSolution
		{BF141DEE-A000-49F7-A46C-397B937D2B77}.Debug|Any CPU.ActiveCfg = Debug|Any CPU
		{BF141DEE-A000-49F7-A46C-397B937D2B77}.Debug|Any CPU.Build.0 = Debug|Any CPU
		{BF141DEE-A000-49F7-A46C-397B937D2B77}.Release|Any CPU.ActiveCfg = Release|Any CPU
		{BF141DEE-A000-49F7-A46C-397B937D2B77}.Release|Any CPU.Build.0 = Release|Any CPU
		{1EAD2A96-F7B7-414D-947A-DFA657F142B1}.Debug|Any CPU.ActiveCfg = Debug|Any CPU
		{1EAD2A96-F7B7-414D-947A-DFA657F142B1}.Release|Any CPU.ActiveCfg = Release|Any CPU
	EndGlobalSection
	GlobalSection(SolutionProperties) = preSolution
		HideSolutionNode = FALSE
	EndGlobalSection
	GlobalSection(ExtensibilityGlobals) = postSolution
		SolutionGuid = {ADB50F7B-A5EA-4D6C-82CF-1A9838528590}
	EndGlobalSection
EndGlobal
